
Microsoft Visual Studio Solution File, Format Version 12.00
# Visual Studio Version 17
VisualStudioVersion = 17.1.32328.378
MinimumVisualStudioVersion = 10.0.40219.1
Project("{54A90642-561A-4BB1-A94E-469ADEE60C69}") = "GlobalMarket", "GlobalMarket\GlobalMarket.esproj", "{DD53B8D8-6303-42AA-9FF4-B7D2DC377A6F}"
EndProject
Project("{FAE04EC0-301F-11D3-BF4B-00C04F79EFBC}") = "GlobalMarketAPI", "GlobalMarketAPI\GlobalMarketAPI.csproj", "{91584F4D-9140-47E9-8E75-0E01FD50372E}"
EndProject
Global
	GlobalSection(SolutionConfigurationPlatforms) = preSolution
		Debug|Any CPU = Debug|Any CPU
		Release|Any CPU = Release|Any CPU
	EndGlobalSection
	GlobalSection(ProjectConfigurationPlatforms) = postSolution
		{DD53B8D8-6303-42AA-9FF4-B7D2DC377A6F}.Debug|Any CPU.ActiveCfg = Debug|Any CPU
		{DD53B8D8-6303-42AA-9FF4-B7D2DC377A6F}.Debug|Any CPU.Build.0 = Debug|Any CPU
		{DD53B8D8-6303-42AA-9FF4-B7D2DC377A6F}.Debug|Any CPU.Deploy.0 = Debug|Any CPU
		{DD53B8D8-6303-42AA-9FF4-B7D2DC377A6F}.Release|Any CPU.ActiveCfg = Release|Any CPU
		{DD53B8D8-6303-42AA-9FF4-B7D2DC377A6F}.Release|Any CPU.Build.0 = Release|Any CPU
		{DD53B8D8-6303-42AA-9FF4-B7D2DC377A6F}.Release|Any CPU.Deploy.0 = Release|Any CPU
		{91584F4D-9140-47E9-8E75-0E01FD50372E}.Debug|Any CPU.ActiveCfg = Debug|Any CPU
		{91584F4D-9140-47E9-8E75-0E01FD50372E}.Debug|Any CPU.Build.0 = Debug|Any CPU
		{91584F4D-9140-47E9-8E75-0E01FD50372E}.Release|Any CPU.ActiveCfg = Release|Any CPU
		{91584F4D-9140-47E9-8E75-0E01FD50372E}.Release|Any CPU.Build.0 = Release|Any CPU
	EndGlobalSection
	GlobalSection(SolutionProperties) = preSolution
		HideSolutionNode = FALSE
	EndGlobalSection
	GlobalSection(ExtensibilityGlobals) = postSolution
		SolutionGuid = {DEA088CA-6131-4655-B65F-72ED18FC637E}
	EndGlobalSection
EndGlobal
